{
  "object": {
    "pins": [
      {
        "package": "SPAlert",
        "repositoryURL": "https://github.com/ivanvorobei/SPAlert",
        "state": {
          "branch": null,
          "revision": "6ddb588018625ac7da49a578327bfdb1d8ce9b68",
          "version": "3.3.1"
        }
      }
    ]
  },
  "version": 1
}
